
Microsoft Visual Studio Solution File, Format Version 12.00
# Visual Studio 15
VisualStudioVersion = 15.0.27428.2005
MinimumVisualStudioVersion = 10.0.40219.1
Project("{FAE04EC0-301F-11D3-BF4B-00C04F79EFBC}") = "TetrisMVC", "TetrisMVC\TetrisMVC.csproj", "{14063AFE-42B0-422B-A8C6-A7F0DBF1BF80}"
	ProjectSection(ProjectDependencies) = postProject
		{645664CD-D85A-4998-A5EB-01DCC4337917} = {645664CD-D85A-4998-A5EB-01DCC4337917}
	EndProjectSection
EndProject
Project("{FAE04EC0-301F-11D3-BF4B-00C04F79EFBC}") = "MyService", "MyService\MyService.csproj", "{645664CD-D85A-4998-A5EB-01DCC4337917}"
EndProject
Global
	GlobalSection(SolutionConfigurationPlatforms) = preSolution
		Debug|Any CPU = Debug|Any CPU
		Release|Any CPU = Release|Any CPU
	EndGlobalSection
	GlobalSection(ProjectConfigurationPlatforms) = postSolution
		{14063AFE-42B0-422B-A8C6-A7F0DBF1BF80}.Debug|Any CPU.ActiveCfg = Debug|Any CPU
		{14063AFE-42B0-422B-A8C6-A7F0DBF1BF80}.Debug|Any CPU.Build.0 = Debug|Any CPU
		{14063AFE-42B0-422B-A8C6-A7F0DBF1BF80}.Release|Any CPU.ActiveCfg = Release|Any CPU
		{14063AFE-42B0-422B-A8C6-A7F0DBF1BF80}.Release|Any CPU.Build.0 = Release|Any CPU
		{645664CD-D85A-4998-A5EB-01DCC4337917}.Debug|Any CPU.ActiveCfg = Debug|Any CPU
		{645664CD-D85A-4998-A5EB-01DCC4337917}.Debug|Any CPU.Build.0 = Debug|Any CPU
		{645664CD-D85A-4998-A5EB-01DCC4337917}.Release|Any CPU.ActiveCfg = Release|Any CPU
		{645664CD-D85A-4998-A5EB-01DCC4337917}.Release|Any CPU.Build.0 = Release|Any CPU
	EndGlobalSection
	GlobalSection(SolutionProperties) = preSolution
		HideSolutionNode = FALSE
	EndGlobalSection
	GlobalSection(ExtensibilityGlobals) = postSolution
		SolutionGuid = {3BEDB92D-F263-4D8C-BB29-A99BAC9606F5}
	EndGlobalSection
EndGlobal
